{
	"name": "ownyourdata",
	"version": "0.0.1",
	"lockfileVersion": 1,
	"requires": true,
	"dependencies": {
		"react-native-background-task": {
			"version": "0.2.1",
			"resolved": "https://registry.npmjs.org/react-native-background-task/-/react-native-background-task-0.2.1.tgz",
			"integrity": "sha512-t5NvHWiqdIRf+KRUbeYH0QYSF3TTTe67g9TuOy/KbfU0KWqK1igLbQB/vw1o8nXZrWWIzSl9mSTG+2V/57TRzw=="
		}
	}
}
